
Microsoft Visual Studio Solution File, Format Version 12.00
# Visual Studio 2013
VisualStudioVersion = 12.0.30723.0
MinimumVisualStudioVersion = 10.0.40219.1
Project("{F184B08F-C81C-45F6-A57F-5ABD9991F28F}") = "ConsoleApplication1", "ConsoleApplication1\ConsoleApplication1.vbproj", "{E0B525A4-33D4-44C0-A156-99F6FC1B0D68}"
EndProject
Project("{F184B08F-C81C-45F6-A57F-5ABD9991F28F}") = "ConsoleApplication2", "ConsoleApplication2\ConsoleApplication2.vbproj", "{8DC4850C-A083-45B0-865F-EF0C013BA6A4}"
EndProject
Project("{F184B08F-C81C-45F6-A57F-5ABD9991F28F}") = "WindowsApplication1", "WindowsApplication1\WindowsApplication1.vbproj", "{4D9E34A5-E06A-439C-82D1-99EEEF9C58C6}"
EndProject
Project("{F184B08F-C81C-45F6-A57F-5ABD9991F28F}") = "WindowsApplication2", "WindowsApplication2\WindowsApplication2.vbproj", "{4A57B423-D122-4535-ADE3-5B9B15BB140B}"
EndProject
Project("{F184B08F-C81C-45F6-A57F-5ABD9991F28F}") = "WindowsApplication3", "WindowsApplication3\WindowsApplication3.vbproj", "{628BDD7A-9FBE-41D4-8987-C4B19B50FDA7}"
EndProject
Global
	GlobalSection(SolutionConfigurationPlatforms) = preSolution
		Debug|Any CPU = Debug|Any CPU
		Release|Any CPU = Release|Any CPU
	EndGlobalSection
	GlobalSection(ProjectConfigurationPlatforms) = postSolution
		{E0B525A4-33D4-44C0-A156-99F6FC1B0D68}.Debug|Any CPU.ActiveCfg = Debug|Any CPU
		{E0B525A4-33D4-44C0-A156-99F6FC1B0D68}.Debug|Any CPU.Build.0 = Debug|Any CPU
		{E0B525A4-33D4-44C0-A156-99F6FC1B0D68}.Release|Any CPU.ActiveCfg = Release|Any CPU
		{E0B525A4-33D4-44C0-A156-99F6FC1B0D68}.Release|Any CPU.Build.0 = Release|Any CPU
		{8DC4850C-A083-45B0-865F-EF0C013BA6A4}.Debug|Any CPU.ActiveCfg = Debug|Any CPU
		{8DC4850C-A083-45B0-865F-EF0C013BA6A4}.Debug|Any CPU.Build.0 = Debug|Any CPU
		{8DC4850C-A083-45B0-865F-EF0C013BA6A4}.Release|Any CPU.ActiveCfg = Release|Any CPU
		{8DC4850C-A083-45B0-865F-EF0C013BA6A4}.Release|Any CPU.Build.0 = Release|Any CPU
		{4D9E34A5-E06A-439C-82D1-99EEEF9C58C6}.Debug|Any CPU.ActiveCfg = Debug|Any CPU
		{4D9E34A5-E06A-439C-82D1-99EEEF9C58C6}.Debug|Any CPU.Build.0 = Debug|Any CPU
		{4D9E34A5-E06A-439C-82D1-99EEEF9C58C6}.Release|Any CPU.ActiveCfg = Release|Any CPU
		{4D9E34A5-E06A-439C-82D1-99EEEF9C58C6}.Release|Any CPU.Build.0 = Release|Any CPU
		{4A57B423-D122-4535-ADE3-5B9B15BB140B}.Debug|Any CPU.ActiveCfg = Debug|Any CPU
		{4A57B423-D122-4535-ADE3-5B9B15BB140B}.Debug|Any CPU.Build.0 = Debug|Any CPU
		{4A57B423-D122-4535-ADE3-5B9B15BB140B}.Release|Any CPU.ActiveCfg = Release|Any CPU
		{4A57B423-D122-4535-ADE3-5B9B15BB140B}.Release|Any CPU.Build.0 = Release|Any CPU
		{628BDD7A-9FBE-41D4-8987-C4B19B50FDA7}.Debug|Any CPU.ActiveCfg = Debug|Any CPU
		{628BDD7A-9FBE-41D4-8987-C4B19B50FDA7}.Debug|Any CPU.Build.0 = Debug|Any CPU
		{628BDD7A-9FBE-41D4-8987-C4B19B50FDA7}.Release|Any CPU.ActiveCfg = Release|Any CPU
		{628BDD7A-9FBE-41D4-8987-C4B19B50FDA7}.Release|Any CPU.Build.0 = Release|Any CPU
	EndGlobalSection
	GlobalSection(SolutionProperties) = preSolution
		HideSolutionNode = FALSE
	EndGlobalSection
EndGlobal
